[[package]]
name = "attrs"
version = "21.2.0"
description = "Classes Without Boilerplate"
category = "main"
optional = false
python-versions = ">=2.7, !=3.0.*, !=3.1.*, !=3.2.*, !=3.3.*, !=3.4.*"

[package.extras]
dev = ["coverage[toml] (>=5.0.2)", "hypothesis", "pympler", "pytest (>=4.3.0)", "six", "mypy", "pytest-mypy-plugins", "zope.interface", "furo", "sphinx", "sphinx-notfound-page", "pre-commit"]
docs = ["furo", "sphinx", "zope.interface", "sphinx-notfound-page"]
tests = ["coverage[toml] (>=5.0.2)", "hypothesis", "pympler", "pytest (>=4.3.0)", "six", "mypy", "pytest-mypy-plugins", "zope.interface"]
tests_no_zope = ["coverage[toml] (>=5.0.2)", "hypothesis", "pympler", "pytest (>=4.3.0)", "six", "mypy", "pytest-mypy-plugins"]

[[package]]
name = "boto3"
version = "1.20.12"
description = "The AWS SDK for Python"
category = "main"
optional = false
python-versions = ">= 3.6"

[package.dependencies]
botocore = ">=1.23.12,<1.24.0"
jmespath = ">=0.7.1,<1.0.0"
s3transfer = ">=0.5.0,<0.6.0"

[package.extras]
crt = ["botocore[crt] (>=1.21.0,<2.0a0)"]

[[package]]
name = "botocore"
version = "1.23.12"
description = "Low-level, data-driven core of boto 3."
category = "main"
optional = false
python-versions = ">= 3.6"

[package.dependencies]
jmespath = ">=0.7.1,<1.0.0"
python-dateutil = ">=2.1,<3.0.0"
urllib3 = ">=1.25.4,<1.27"

[package.extras]
crt = ["awscrt (==0.12.5)"]

[[package]]
name = "cattrs"
version = "1.8.0"
description = "Composable complex class support for attrs and dataclasses."
category = "main"
optional = false
python-versions = ">=3.7,<4.0"

[package.dependencies]
attrs = ">=20"

[[package]]
name = "cdktf"
version = "0.7.0"
description = "Cloud Development Kit for Terraform"
category = "main"
optional = false
python-versions = ">=3.6"

[package.dependencies]
constructs = ">=10.0.0,<11.0.0"
jsii = ">=1.37.0,<2.0.0"
publication = ">=0.0.3"

[[package]]
name = "cdktf-cdktf-provider-archive"
version = "0.0.199"
description = "Prebuilt archive Provider for Terraform CDK (cdktf)"
category = "main"
optional = false
python-versions = ">=3.6"

[package.dependencies]
cdktf = ">=0.7.0,<0.8.0"
constructs = ">=10.0.0,<11.0.0"
jsii = ">=1.37.0,<2.0.0"
publication = ">=0.0.3"

[[package]]
name = "cdktf-cdktf-provider-aws"
version = "2.0.13"
description = "Prebuilt aws Provider for Terraform CDK (cdktf)"
category = "main"
optional = false
python-versions = ">=3.6"

[package.dependencies]
cdktf = ">=0.7.0,<0.8.0"
constructs = ">=10.0.0,<11.0.0"
jsii = ">=1.34.0,<2.0.0"
publication = ">=0.0.3"

[[package]]
name = "constructs"
version = "10.0.9"
description = "A programming model for software-defined state"
category = "main"
optional = false
python-versions = ">=3.6"

[package.dependencies]
jsii = ">=1.37.0,<2.0.0"
publication = ">=0.0.3"

[[package]]
name = "jmespath"
version = "0.10.0"
description = "JSON Matching Expressions"
category = "main"
optional = false
python-versions = ">=2.6, !=3.0.*, !=3.1.*, !=3.2.*"

[[package]]
name = "jsii"
version = "1.46.0"
description = "Python client for jsii runtime"
category = "main"
optional = false
python-versions = "~=3.6"

[package.dependencies]
attrs = ">=21.2,<22.0"
cattrs = {version = ">=1.8.0,<1.9.0", markers = "python_version >= \"3.7\""}
python-dateutil = "*"
typing-extensions = ">=3.7,<4.0"

[[package]]
name = "publication"
version = "0.0.3"
description = "Publication helps you maintain public-api-friendly modules by preventing unintentional access to private implementation details via introspection."
category = "main"
optional = false
python-versions = "*"

[[package]]
name = "python-dateutil"
version = "2.8.2"
description = "Extensions to the standard Python datetime module"
category = "main"
optional = false
python-versions = "!=3.0.*,!=3.1.*,!=3.2.*,>=2.7"

[package.dependencies]
six = ">=1.5"

[[package]]
name = "s3transfer"
version = "0.5.0"
description = "An Amazon S3 Transfer Manager"
category = "main"
optional = false
python-versions = ">= 3.6"

[package.dependencies]
botocore = ">=1.12.36,<2.0a.0"

[package.extras]
crt = ["botocore[crt] (>=1.20.29,<2.0a.0)"]

[[package]]
name = "six"
version = "1.16.0"
description = "Python 2 and 3 compatibility utilities"
category = "main"
optional = false
python-versions = ">=2.7, !=3.0.*, !=3.1.*, !=3.2.*"

[[package]]
name = "typing-extensions"
version = "3.10.0.2"
description = "Backported and Experimental Type Hints for Python 3.5+"
category = "main"
optional = false
python-versions = "*"

[[package]]
name = "urllib3"
version = "1.26.7"
description = "HTTP library with thread-safe connection pooling, file post, and more."
category = "main"
optional = false
python-versions = ">=2.7, !=3.0.*, !=3.1.*, !=3.2.*, !=3.3.*, !=3.4.*, <4"

[package.extras]
brotli = ["brotlipy (>=0.6.0)"]
secure = ["pyOpenSSL (>=0.14)", "cryptography (>=1.3.4)", "idna (>=2.0.0)", "certifi", "ipaddress"]
socks = ["PySocks (>=1.5.6,!=1.5.7,<2.0)"]

[metadata]
lock-version = "1.1"
python-versions = "^3.8"
content-hash = "3ba6ab7eb306de3cd6848240ef71abdb4f0305c1c8215e8e4fe086bc92888b21"

[metadata.files]
attrs = [
    {file = "attrs-21.2.0-py2.py3-none-any.whl", hash = "sha256:149e90d6d8ac20db7a955ad60cf0e6881a3f20d37096140088356da6c716b0b1"},
    {file = "attrs-21.2.0.tar.gz", hash = "sha256:ef6aaac3ca6cd92904cdd0d83f629a15f18053ec84e6432106f7a4d04ae4f5fb"},
]
boto3 = [
    {file = "boto3-1.20.12-py3-none-any.whl", hash = "sha256:df9c74f3dd35e1147e0e873984384e00b0db8c3f6552d8e0b7f50e7b8177f537"},
    {file = "boto3-1.20.12.tar.gz", hash = "sha256:224a380a3a825beaf7aa54119e7469884c6adb9098cbf3d64bd487ac6c564d57"},
]
botocore = [
    {file = "botocore-1.23.12-py3-none-any.whl", hash = "sha256:002f96a07503c83c1d110174506e68a8fbcb4765b7eafa5f66ef59d910912d17"},
    {file = "botocore-1.23.12.tar.gz", hash = "sha256:3047ddf3ee3e54d58b896b442d3044eab30e6bfac2a2fbac428e5c12d8670a3d"},
]
cattrs = [
    {file = "cattrs-1.8.0-py3-none-any.whl", hash = "sha256:901fb2040529ae8fc9d93f48a2cdf7de3e983312ffb2a164ffa4e9847f253af1"},
    {file = "cattrs-1.8.0.tar.gz", hash = "sha256:5c121ab06a7cac494813c228721a7feb5a6423b17316eeaebf13f5a03e5b0d53"},
]
cdktf = [
    {file = "cdktf-0.7.0-py3-none-any.whl", hash = "sha256:fe43d05167a4bca31dc99642d0d021894edd8e059f5505cfa9b40a1de24c18e1"},
    {file = "cdktf-0.7.0.tar.gz", hash = "sha256:edb1f029d7bb841a180c0b1f270defe44415bb488f08019312e78b37c3fcfeaa"},
]
cdktf-cdktf-provider-archive = [
    {file = "cdktf-cdktf-provider-archive-0.0.199.tar.gz", hash = "sha256:a7b98cff9ee530917852158f366b1b5a44ca3a08a72b49ae5d128e10870df88c"},
    {file = "cdktf_cdktf_provider_archive-0.0.199-py3-none-any.whl", hash = "sha256:eeb15244ad5b092e22c6051f43077388d218ea1518abf6281f8bd6334e47cff8"},
]
cdktf-cdktf-provider-aws = [
    {file = "cdktf-cdktf-provider-aws-2.0.13.tar.gz", hash = "sha256:293bc163af38851126ed67b3510b955960ad913d819f101b578cfb9a2a93233a"},
    {file = "cdktf_cdktf_provider_aws-2.0.13-py3-none-any.whl", hash = "sha256:bc9c914f9ea8a31e0b29a97d48398e57a2e054a39aafb9b69434452b3c76b6be"},
]
constructs = [
    {file = "constructs-10.0.9-py3-none-any.whl", hash = "sha256:dcf48160dba44028180d46c03fab8bf853b0b70d44ebd4e4a32dd06bb9ff3ec6"},
    {file = "constructs-10.0.9.tar.gz", hash = "sha256:802dd6c0ac807b55df49a08618e49f852ffea9187a80243943351a3350555d5e"},
]
jmespath = [
    {file = "jmespath-0.10.0-py2.py3-none-any.whl", hash = "sha256:cdf6525904cc597730141d61b36f2e4b8ecc257c420fa2f4549bac2c2d0cb72f"},
    {file = "jmespath-0.10.0.tar.gz", hash = "sha256:b85d0567b8666149a93172712e68920734333c0ce7e89b78b3e987f71e5ed4f9"},
]
jsii = [
    {file = "jsii-1.46.0-py3-none-any.whl", hash = "sha256:7f2b8d854e00752c8deb5785fc15064929cc27797142721d01ce203533e2196f"},
    {file = "jsii-1.46.0.tar.gz", hash = "sha256:442ac368bc063c90a0dbab0a7a84786b0dbb4a94f72cda3e6eacfb868711e05c"},
]
publication = [
    {file = "publication-0.0.3-py2.py3-none-any.whl", hash = "sha256:0248885351febc11d8a1098d5c8e3ab2dabcf3e8c0c96db1e17ecd12b53afbe6"},
    {file = "publication-0.0.3.tar.gz", hash = "sha256:68416a0de76dddcdd2930d1c8ef853a743cc96c82416c4e4d3b5d901c6276dc4"},
]
python-dateutil = [
    {file = "python-dateutil-2.8.2.tar.gz", hash = "sha256:0123cacc1627ae19ddf3c27a5de5bd67ee4586fbdd6440d9748f8abb483d3e86"},
    {file = "python_dateutil-2.8.2-py2.py3-none-any.whl", hash = "sha256:961d03dc3453ebbc59dbdea9e4e11c5651520a876d0f4db161e8674aae935da9"},
]
s3transfer = [
    {file = "s3transfer-0.5.0-py3-none-any.whl", hash = "sha256:9c1dc369814391a6bda20ebbf4b70a0f34630592c9aa520856bf384916af2803"},
    {file = "s3transfer-0.5.0.tar.gz", hash = "sha256:50ed823e1dc5868ad40c8dc92072f757aa0e653a192845c94a3b676f4a62da4c"},
]
six = [
    {file = "six-1.16.0-py2.py3-none-any.whl", hash = "sha256:8abb2f1d86890a2dfb989f9a77cfcfd3e47c2a354b01111771326f8aa26e0254"},
    {file = "six-1.16.0.tar.gz", hash = "sha256:1e61c37477a1626458e36f7b1d82aa5c9b094fa4802892072e49de9c60c4c926"},
]
typing-extensions = [
    {file = "typing_extensions-3.10.0.2-py2-none-any.whl", hash = "sha256:d8226d10bc02a29bcc81df19a26e56a9647f8b0a6d4a83924139f4a8b01f17b7"},
    {file = "typing_extensions-3.10.0.2-py3-none-any.whl", hash = "sha256:f1d25edafde516b146ecd0613dabcc61409817af4766fbbcfb8d1ad4ec441a34"},
    {file = "typing_extensions-3.10.0.2.tar.gz", hash = "sha256:49f75d16ff11f1cd258e1b988ccff82a3ca5570217d7ad8c5f48205dd99a677e"},
]
urllib3 = [
    {file = "urllib3-1.26.7-py2.py3-none-any.whl", hash = "sha256:c4fdf4019605b6e5423637e01bc9fe4daef873709a7973e195ceba0a62bbc844"},
    {file = "urllib3-1.26.7.tar.gz", hash = "sha256:4987c65554f7a2dbf30c18fd48778ef124af6fab771a377103da0585e2336ece"},
]
